# THIS IS AN AUTOGENERATED FILE. DO NOT EDIT THIS FILE DIRECTLY.
# yarn lockfile v1


"@babel/runtime@^7.11.2", "@babel/runtime@^7.12.5", "@babel/runtime@^7.5.5", "@babel/runtime@^7.9.2":
  version "7.14.5"
  resolved "https://registry.nlark.com/@babel/runtime/download/@babel/runtime-7.14.5.tgz?cache=0&sync_timestamp=1623280413156&other_urls=https%3A%2F%2Fregistry.nlark.com%2F%40babel%2Fruntime%2Fdownload%2F%40babel%2Fruntime-7.14.5.tgz#665450911c6031af38f81db530f387ec04cd9a98"
  integrity sha1-ZlRQkRxgMa84+B21MPOH7ATNmpg=
  dependencies:
    regenerator-runtime "^0.13.4"

"@videojs/http-streaming@2.8.2":
  version "2.8.2"
  resolved "https://registry.nlark.com/@videojs/http-streaming/download/@videojs/http-streaming-2.8.2.tgz#0b152bcbc6dd0b49e921514577ad82e23acdd448"
  integrity sha1-CxUry8bdC0npIVFFd62C4jrN1Eg=
  dependencies:
    "@babel/runtime" "^7.12.5"
    "@videojs/vhs-utils" "^3.0.2"
    aes-decrypter "3.1.2"
    global "^4.4.0"
    m3u8-parser "4.7.0"
    mpd-parser "0.16.0"
    mux.js "5.11.0"
    video.js "^6 || ^7"

"@videojs/vhs-utils@^3.0.0", "@videojs/vhs-utils@^3.0.2":
  version "3.0.2"
  resolved "https://registry.nlark.com/@videojs/vhs-utils/download/@videojs/vhs-utils-3.0.2.tgz#0203418ecaaff29bc33c69b6ad707787347b7614"
  integrity sha1-AgNBjsqv8pvDPGm2rXB3hzR7dhQ=
  dependencies:
    "@babel/runtime" "^7.12.5"
    global "^4.4.0"
    url-toolkit "^2.2.1"

"@videojs/xhr@2.5.1":
  version "2.5.1"
  resolved "https://registry.npm.taobao.org/@videojs/xhr/download/@videojs/xhr-2.5.1.tgz#26bc5a79dbb3b03bfb13742c6ce559f89e90719e"
  integrity sha1-JrxaeduzsDv7E3QsbOVZ+J6QcZ4=
  dependencies:
    "@babel/runtime" "^7.5.5"
    global "~4.4.0"
    is-function "^1.0.1"

aes-decrypter@1.0.3:
  version "1.0.3"
  resolved "https://registry.npm.taobao.org/aes-decrypter/download/aes-decrypter-1.0.3.tgz#9c06b8a5435a5ad09db933f8a014afcf184cc34e"
  integrity sha1-nAa4pUNaWtCduTP4oBSvzxhMw04=
  dependencies:
    pkcs7 "^0.2.3"

aes-decrypter@3.1.2:
  version "3.1.2"
  resolved "https://registry.npm.taobao.org/aes-decrypter/download/aes-decrypter-3.1.2.tgz#3545546f8e9f6b878640339a242efe221ba7a7cb"
  integrity sha1-NUVUb46fa4eGQDOaJC7+Ihunp8s=
  dependencies:
    "@babel/runtime" "^7.12.5"
    "@videojs/vhs-utils" "^3.0.0"
    global "^4.4.0"
    pkcs7 "^1.0.4"

babel-runtime@^6.9.2:
  version "6.26.0"
  resolved "https://registry.npm.taobao.org/babel-runtime/download/babel-runtime-6.26.0.tgz#965c7058668e82b55d7bfe04ff2337bc8b5647fe"
  integrity sha1-llxwWGaOgrVde/4E/yM3vItWR/4=
  dependencies:
    core-js "^2.4.0"
    regenerator-runtime "^0.11.0"

core-js@^2.4.0:
  version "2.6.12"
  resolved "https://registry.nlark.com/core-js/download/core-js-2.6.12.tgz?cache=0&sync_timestamp=1622879509404&other_urls=https%3A%2F%2Fregistry.nlark.com%2Fcore-js%2Fdownload%2Fcore-js-2.6.12.tgz#d9333dfa7b065e347cc5682219d6f690859cc2ec"
  integrity sha1-2TM9+nsGXjR8xWgiGdb2kIWcwuw=

dom-walk@^0.1.0:
  version "0.1.2"
  resolved "https://registry.npm.taobao.org/dom-walk/download/dom-walk-0.1.2.tgz#0c548bef048f4d1f2a97249002236060daa3fd84"
  integrity sha1-DFSL7wSPTR8qlySQAiNgYNqj/YQ=

es5-shim@^4.5.1:
  version "4.5.15"
  resolved "https://registry.npm.taobao.org/es5-shim/download/es5-shim-4.5.15.tgz#6a26869b261854a3b045273f5583c52d390217fe"
  integrity sha1-aiaGmyYYVKOwRSc/VYPFLTkCF/4=

global@4.3.2, global@~4.3.0:
  version "4.3.2"
  resolved "https://registry.npm.taobao.org/global/download/global-4.3.2.tgz#e76989268a6c74c38908b1305b10fc0e394e9d0f"
  integrity sha1-52mJJopsdMOJCLEwWxD8DjlOnQ8=
  dependencies:
    min-document "^2.19.0"
    process "~0.5.1"

global@^4.3.0, global@^4.3.1, global@^4.4.0, global@~4.4.0:
  version "4.4.0"
  resolved "https://registry.npm.taobao.org/global/download/global-4.4.0.tgz#3e7b105179006a323ed71aafca3e9c57a5cc6406"
  integrity sha1-PnsQUXkAajI+1xqvyj6cV6XMZAY=
  dependencies:
    min-document "^2.19.0"
    process "^0.11.10"

hls.js@^0.8.9:
  version "0.8.9"
  resolved "https://registry.nlark.com/hls.js/download/hls.js-0.8.9.tgz#db367cc99ce5b0976ea3e059a1d044d7b0790697"
  integrity sha1-2zZ8yZzlsJduo+BZodBE17B5Bpc=
  dependencies:
    url-toolkit "^2.0.1"

hls.js@^1.0.7:
  version "1.0.7"
  resolved "https://registry.nlark.com/hls.js/download/hls.js-1.0.7.tgz#b4ab75e7a46650d02245a1da091efd15f07d16eb"
  integrity sha1-tKt156RmUNAiRaHaCR79FfB9Fus=

individual@^2.0.0:
  version "2.0.0"
  resolved "https://registry.npm.taobao.org/individual/download/individual-2.0.0.tgz#833b097dad23294e76117a98fb38e0d9ad61bb97"
  integrity sha1-gzsJfa0jKU52EXqY+zjg2a1hu5c=

is-function@^1.0.1:
  version "1.0.2"
  resolved "https://registry.npm.taobao.org/is-function/download/is-function-1.0.2.tgz#4f097f30abf6efadac9833b17ca5dc03f8144e08"
  integrity sha1-Twl/MKv2762smDOxfKXcA/gUTgg=

keycode@^2.2.0:
  version "2.2.0"
  resolved "https://registry.npm.taobao.org/keycode/download/keycode-2.2.0.tgz#3d0af56dc7b8b8e5cba8d0a97f107204eec22b04"
  integrity sha1-PQr1bce4uOXLqNCpfxByBO7CKwQ=

m3u8-parser@2.1.0:
  version "2.1.0"
  resolved "https://registry.nlark.com/m3u8-parser/download/m3u8-parser-2.1.0.tgz?cache=0&sync_timestamp=1621435940345&other_urls=https%3A%2F%2Fregistry.nlark.com%2Fm3u8-parser%2Fdownload%2Fm3u8-parser-2.1.0.tgz#c8170329ec1cd515d0d58bb8b762da9896cb0368"
  integrity sha1-yBcDKewc1RXQ1Yu4t2LamJbLA2g=

m3u8-parser@4.7.0, m3u8-parser@^4.7.0:
  version "4.7.0"
  resolved "https://registry.nlark.com/m3u8-parser/download/m3u8-parser-4.7.0.tgz?cache=0&sync_timestamp=1621435940345&other_urls=https%3A%2F%2Fregistry.nlark.com%2Fm3u8-parser%2Fdownload%2Fm3u8-parser-4.7.0.tgz#e01e8ce136098ade1b14ee691ea20fc4dc60abf6"
  integrity sha1-4B6M4TYJit4bFO5pHqIPxNxgq/Y=
  dependencies:
    "@babel/runtime" "^7.12.5"
    "@videojs/vhs-utils" "^3.0.0"
    global "^4.4.0"

min-document@^2.19.0:
  version "2.19.0"
  resolved "https://registry.npm.taobao.org/min-document/download/min-document-2.19.0.tgz#7bd282e3f5842ed295bb748cdd9f1ffa2c824685"
  integrity sha1-e9KC4/WELtKVu3SM3Z8f+iyCRoU=
  dependencies:
    dom-walk "^0.1.0"

mpd-parser@0.16.0:
  version "0.16.0"
  resolved "https://registry.nlark.com/mpd-parser/download/mpd-parser-0.16.0.tgz#e015e3a46e4dac2f931f909db4552141721f11b5"
  integrity sha1-4BXjpG5NrC+TH5CdtFUhQXIfEbU=
  dependencies:
    "@babel/runtime" "^7.12.5"
    "@videojs/vhs-utils" "^3.0.0"
    global "^4.4.0"
    xmldom "^0.5.0"

mux.js@4.3.2:
  version "4.3.2"
  resolved "https://registry.npm.taobao.org/mux.js/download/mux.js-4.3.2.tgz#576d537df037dc5ec35ec1316b948d815d35c210"
  integrity sha1-V21TffA33F7DXsExa5SNgV01whA=

mux.js@5.11.0, mux.js@^5.11.0:
  version "5.11.0"
  resolved "https://registry.npm.taobao.org/mux.js/download/mux.js-5.11.0.tgz#3c2c1fbd9d30720af2a1b12c1f2a2840c63100f6"
  integrity sha1-PCwfvZ0wcgryobEsHyooQMYxAPY=
  dependencies:
    "@babel/runtime" "^7.11.2"

mux@^0.0.2:
  version "0.0.2"
  resolved "https://registry.nlark.com/mux/download/mux-0.0.2.tgz#55847e1a303f6da6b2f08d73ee77267641867dbf"
  integrity sha1-VYR+GjA/baay8I1z7ncmdkGGfb8=
  dependencies:
    through "~1.1.1"

object-assign@^4.1.1:
  version "4.1.1"
  resolved "https://registry.npm.taobao.org/object-assign/download/object-assign-4.1.1.tgz#2109adc7965887cfc05cbbd442cac8bfbb360863"
  integrity sha1-IQmtx5ZYh8/AXLvUQsrIv7s2CGM=

parse-headers@^2.0.0:
  version "2.0.3"
  resolved "https://registry.npm.taobao.org/parse-headers/download/parse-headers-2.0.3.tgz#5e8e7512383d140ba02f0c7aa9f49b4399c92515"
  integrity sha1-Xo51Ejg9FAugLwx6qfSbQ5nJJRU=

pkcs7@^0.2.3:
  version "0.2.3"
  resolved "https://registry.npm.taobao.org/pkcs7/download/pkcs7-0.2.3.tgz#22d60666d01065c5f24439098e4a4830452273be"
  integrity sha1-ItYGZtAQZcXyRDkJjkpIMEUic74=

pkcs7@^1.0.4:
  version "1.0.4"
  resolved "https://registry.npm.taobao.org/pkcs7/download/pkcs7-1.0.4.tgz#6090b9e71160dabf69209d719cbafa538b00a1cb"
  integrity sha1-YJC55xFg2r9pIJ1xnLr6U4sAocs=
  dependencies:
    "@babel/runtime" "^7.5.5"

process@^0.11.10:
  version "0.11.10"
  resolved "https://registry.nlark.com/process/download/process-0.11.10.tgz#7332300e840161bda3e69a1d1d91a7d4bc16f182"
  integrity sha1-czIwDoQBYb2j5podHZGn1LwW8YI=

process@~0.5.1:
  version "0.5.2"
  resolved "https://registry.nlark.com/process/download/process-0.5.2.tgz#1638d8a8e34c2f440a91db95ab9aeb677fc185cf"
  integrity sha1-FjjYqONML0QKkduVq5rrZ3/Bhc8=

regenerator-runtime@^0.11.0:
  version "0.11.1"
  resolved "https://registry.npm.taobao.org/regenerator-runtime/download/regenerator-runtime-0.11.1.tgz#be05ad7f9bf7d22e056f9726cee5017fbf19e2e9"
  integrity sha1-vgWtf5v30i4Fb5cmzuUBf78Z4uk=

regenerator-runtime@^0.13.4:
  version "0.13.7"
  resolved "https://registry.npm.taobao.org/regenerator-runtime/download/regenerator-runtime-0.13.7.tgz#cac2dacc8a1ea675feaabaeb8ae833898ae46f55"
  integrity sha1-ysLazIoepnX+qrrriugziYrkb1U=

rust-result@^1.0.0:
  version "1.0.0"
  resolved "https://registry.npm.taobao.org/rust-result/download/rust-result-1.0.0.tgz#34c75b2e6dc39fe5875e5bdec85b5e0f91536f72"
  integrity sha1-NMdbLm3Dn+WHXlveyFteD5FTb3I=
  dependencies:
    individual "^2.0.0"

safe-json-parse@4.0.0:
  version "4.0.0"
  resolved "https://registry.npm.taobao.org/safe-json-parse/download/safe-json-parse-4.0.0.tgz#7c0f578cfccd12d33a71c0e05413e2eca171eaac"
  integrity sha1-fA9XjPzNEtM6ccDgVBPi7KFx6qw=
  dependencies:
    rust-result "^1.0.0"

through@~1.1.1:
  version "1.1.2"
  resolved "https://registry.nlark.com/through/download/through-1.1.2.tgz#344a5425a3773314ca7e0eb6512fbafaf76c0bfe"
  integrity sha1-NEpUJaN3MxTKfg62US+6+vdsC/4=

tsml@1.0.1:
  version "1.0.1"
  resolved "https://registry.npm.taobao.org/tsml/download/tsml-1.0.1.tgz#89f8218b9d9e257f47d7f6b56d01c5a4d2c68fc3"
  integrity sha1-ifghi52eJX9H1/a1bQHFpNLGj8M=

url-toolkit@^2.0.1, url-toolkit@^2.1.3, url-toolkit@^2.2.1:
  version "2.2.2"
  resolved "https://registry.nlark.com/url-toolkit/download/url-toolkit-2.2.2.tgz?cache=0&sync_timestamp=1619294858074&other_urls=https%3A%2F%2Fregistry.nlark.com%2Furl-toolkit%2Fdownload%2Furl-toolkit-2.2.2.tgz#51ef27b56d3187185f9ecf4a8ac7e8f55203c89d"
  integrity sha1-Ue8ntW0xhxhfns9Kisfo9VIDyJ0=

"video.js@^5.17.0 || ^6.2.0", "video.js@^5.19.1 || ^6.2.0", video.js@^6.6.0:
  version "6.13.0"
  resolved "https://registry.nlark.com/video.js/download/video.js-6.13.0.tgz#f9487d46327340fa48ecd51372a2981dbb6cde4c"
  integrity sha1-+Uh9RjJzQPpI7NUTcqKYHbts3kw=
  dependencies:
    babel-runtime "^6.9.2"
    global "4.3.2"
    safe-json-parse "4.0.0"
    tsml "1.0.1"
    videojs-font "2.1.0"
    videojs-ie8 "1.1.2"
    videojs-vtt.js "0.12.6"
    xhr "2.4.0"

"video.js@^6 || ^7", video.js@^7.12.3:
  version "7.12.3"
  resolved "https://registry.nlark.com/video.js/download/video.js-7.12.3.tgz#089de94742b147caf0bda6014ba6f071a9755053"
  integrity sha1-CJ3pR0KxR8rwvaYBS6bwcal1UFM=
  dependencies:
    "@babel/runtime" "^7.9.2"
    "@videojs/http-streaming" "2.8.2"
    "@videojs/xhr" "2.5.1"
    global "^4.4.0"
    keycode "^2.2.0"
    safe-json-parse "4.0.0"
    videojs-font "3.2.0"
    videojs-vtt.js "^0.15.3"

videojs-contrib-hls.js@^3.2.0:
  version "3.2.0"
  resolved "https://registry.npm.taobao.org/videojs-contrib-hls.js/download/videojs-contrib-hls.js-3.2.0.tgz#02d7504addefb0cc7d8835a7c8b7b5cca45222a6"
  integrity sha1-AtdQSt3vsMx9iDWnyLe1zKRSIqY=
  dependencies:
    hls.js "^0.8.9"

videojs-contrib-hls@^5.12.2:
  version "5.15.0"
  resolved "https://registry.npm.taobao.org/videojs-contrib-hls/download/videojs-contrib-hls-5.15.0.tgz#fe4957367e5d68b7d23f78ed32e37a9dd892a0a8"
  integrity sha1-/klXNn5daLfSP3jtMuN6ndiSoKg=
  dependencies:
    aes-decrypter "1.0.3"
    global "^4.3.0"
    m3u8-parser "2.1.0"
    mux.js "4.3.2"
    url-toolkit "^2.1.3"
    video.js "^5.19.1 || ^6.2.0"
    videojs-contrib-media-sources "4.7.2"
    webwackify "0.1.6"

videojs-contrib-media-sources@4.7.2:
  version "4.7.2"
  resolved "https://registry.npm.taobao.org/videojs-contrib-media-sources/download/videojs-contrib-media-sources-4.7.2.tgz#0adf929107d5b74cf2c8abb2824c82177e43858e"
  integrity sha1-Ct+SkQfVt0zyyKuygkyCF35DhY4=
  dependencies:
    global "^4.3.0"
    mux.js "4.3.2"
    video.js "^5.17.0 || ^6.2.0"
    webwackify "0.1.6"

videojs-flash@^2.1.0:
  version "2.2.1"
  resolved "https://registry.npm.taobao.org/videojs-flash/download/videojs-flash-2.2.1.tgz#1a225dbb1ced200ae9bbf15e01fe4a61086d90f1"
  integrity sha1-GiJduxztIArpu/FeAf5KYQhtkPE=
  dependencies:
    global "^4.4.0"
    video.js "^6 || ^7"
    videojs-swf "5.4.2"

videojs-font@2.1.0:
  version "2.1.0"
  resolved "https://registry.npm.taobao.org/videojs-font/download/videojs-font-2.1.0.tgz#a25930a67f6c9cfbf2bb88dacb8c6b451f093379"
  integrity sha1-olkwpn9snPvyu4jay4xrRR8JM3k=

videojs-font@3.2.0:
  version "3.2.0"
  resolved "https://registry.npm.taobao.org/videojs-font/download/videojs-font-3.2.0.tgz#212c9d3f4e4ec3fa7345167d64316add35e92232"
  integrity sha1-ISydP05Ow/pzRRZ9ZDFq3TXpIjI=

videojs-hotkeys@^0.2.20:
  version "0.2.27"
  resolved "https://registry.npm.taobao.org/videojs-hotkeys/download/videojs-hotkeys-0.2.27.tgz#0df97952b9dff0e6cc1cf8a439fed7eac9c73f01"
  integrity sha1-Dfl5Urnf8ObMHPikOf7X6snHPwE=

videojs-ie8@1.1.2:
  version "1.1.2"
  resolved "https://registry.npm.taobao.org/videojs-ie8/download/videojs-ie8-1.1.2.tgz#a23d3d8608ad7192b69c6077fc4eb848998d35d9"
  integrity sha1-oj09hgitcZK2nGB3/E64SJmNNdk=
  dependencies:
    es5-shim "^4.5.1"

videojs-swf@5.4.2:
  version "5.4.2"
  resolved "https://registry.npm.taobao.org/videojs-swf/download/videojs-swf-5.4.2.tgz#6964a9bff903b732f3e465314ae478a02a17e8ab"
  integrity sha1-aWSpv/kDtzLz5GUxSuR4oCoX6Ks=

videojs-vtt.js@0.12.6:
  version "0.12.6"
  resolved "https://registry.npm.taobao.org/videojs-vtt.js/download/videojs-vtt.js-0.12.6.tgz#e078600bda899eaa6f9c3307134cd0c811947b8e"
  integrity sha1-4HhgC9qJnqpvnDMHE0zQyBGUe44=
  dependencies:
    global "^4.3.1"

videojs-vtt.js@^0.15.3:
  version "0.15.3"
  resolved "https://registry.npm.taobao.org/videojs-vtt.js/download/videojs-vtt.js-0.15.3.tgz#84260393b79487fcf195d9372f812d7fab83a993"
  integrity sha1-hCYDk7eUh/zxldk3L4Etf6uDqZM=
  dependencies:
    global "^4.3.1"

vue-video-player@^5.0.2:
  version "5.0.2"
  resolved "https://registry.npm.taobao.org/vue-video-player/download/vue-video-player-5.0.2.tgz#34a42239ff304efc7698da20a4165051d766c1e6"
  integrity sha1-NKQiOf8wTvx2mNogpBZQUddmweY=
  dependencies:
    object-assign "^4.1.1"
    video.js "^6.6.0"
    videojs-contrib-hls "^5.12.2"
    videojs-flash "^2.1.0"
    videojs-hotkeys "^0.2.20"

webwackify@0.1.6:
  version "0.1.6"
  resolved "https://registry.npm.taobao.org/webwackify/download/webwackify-0.1.6.tgz#1d42a12ac61823d7e345abde084eaaa62a4a95eb"
  integrity sha1-HUKhKsYYI9fjRaveCE6qpipKles=

xhr@2.4.0:
  version "2.4.0"
  resolved "https://registry.npm.taobao.org/xhr/download/xhr-2.4.0.tgz#e16e66a45f869861eeefab416d5eff722dc40993"
  integrity sha1-4W5mpF+GmGHu76tBbV7/ci3ECZM=
  dependencies:
    global "~4.3.0"
    is-function "^1.0.1"
    parse-headers "^2.0.0"
    xtend "^4.0.0"

xmldom@^0.5.0:
  version "0.5.0"
  resolved "https://registry.npm.taobao.org/xmldom/download/xmldom-0.5.0.tgz?cache=0&sync_timestamp=1618680237797&other_urls=https%3A%2F%2Fregistry.npm.taobao.org%2Fxmldom%2Fdownload%2Fxmldom-0.5.0.tgz#193cb96b84aa3486127ea6272c4596354cb4962e"
  integrity sha1-GTy5a4SqNIYSfqYnLEWWNUy0li4=

xtend@^4.0.0:
  version "4.0.2"
  resolved "https://registry.npm.taobao.org/xtend/download/xtend-4.0.2.tgz#bb72779f5fa465186b1f438f674fa347fdb5db54"
  integrity sha1-u3J3n1+kZRhrH0OPZ0+jR/2121Q=
